
Microsoft Visual Studio Solution File, Format Version 12.00
# Visual Studio 15
VisualStudioVersion = 15.0.27617.1
MinimumVisualStudioVersion = 10.0.40219.1
Project("{FAE04EC0-301F-11D3-BF4B-00C04F79EFBC}") = "EntityIsNotInStateAdded", "EntityIsNotInStateAdded\EntityIsNotInStateAdded.csproj", "{44DA55E6-3D07-4B19-B71D-1D3A89B22B06}"
EndProject
Global
	GlobalSection(SolutionConfigurationPlatforms) = preSolution
		Debug|Any CPU = Debug|Any CPU
		Release|Any CPU = Release|Any CPU
	EndGlobalSection
	GlobalSection(ProjectConfigurationPlatforms) = postSolution
		{44DA55E6-3D07-4B19-B71D-1D3A89B22B06}.Debug|Any CPU.ActiveCfg = Debug|Any CPU
		{44DA55E6-3D07-4B19-B71D-1D3A89B22B06}.Debug|Any CPU.Build.0 = Debug|Any CPU
		{44DA55E6-3D07-4B19-B71D-1D3A89B22B06}.Release|Any CPU.ActiveCfg = Release|Any CPU
		{44DA55E6-3D07-4B19-B71D-1D3A89B22B06}.Release|Any CPU.Build.0 = Release|Any CPU
	EndGlobalSection
	GlobalSection(SolutionProperties) = preSolution
		HideSolutionNode = FALSE
	EndGlobalSection
	GlobalSection(ExtensibilityGlobals) = postSolution
		SolutionGuid = {255A8692-805E-4E83-9222-67DBA606EA82}
	EndGlobalSection
EndGlobal
